# THIS IS AN AUTOGENERATED FILE. DO NOT EDIT THIS FILE DIRECTLY.
# yarn lockfile v1


"@klever/sdk@^1.5.0":
  version "1.5.0"
  resolved "https://registry.yarnpkg.com/@klever/sdk/-/sdk-1.5.0.tgz#1b054a495343bc1f99da87727444cfc473fb8782"
  integrity sha512-Yvi3Ukkm34YFkdfeqnzkl2V8Tf8lex3iBfqQ+BTbaN8EPEKvO8Ybp/k65KozdfICFSj4ue+fM8C1piCOpDwvdw==
